
Microsoft Visual Studio Solution File, Format Version 12.00
# Visual Studio Version 17
VisualStudioVersion = 17.2.32616.157
MinimumVisualStudioVersion = 10.0.40219.1
Project("{FAE04EC0-301F-11D3-BF4B-00C04F79EFBC}") = "TestCode.Android", "TestCode\TestCode.Android\TestCode.Android.csproj", "{9ED27AB8-A457-45B3-8405-8498B0FA8794}"
EndProject
Project("{FAE04EC0-301F-11D3-BF4B-00C04F79EFBC}") = "TestCode.iOS", "TestCode\TestCode.iOS\TestCode.iOS.csproj", "{8B2969BA-B4F1-4155-9EED-8CAE9FF78F05}"
EndProject
Project("{9A19103F-16F7-4668-BE54-9A1E7A4F7556}") = "TestCode", "TestCode\TestCode\TestCode.csproj", "{18330208-D01F-49FE-8730-169E3986EDF0}"
EndProject
Global
	GlobalSection(SolutionConfigurationPlatforms) = preSolution
		Debug|Any CPU = Debug|Any CPU
		Debug|iPhone = Debug|iPhone
		Debug|iPhoneSimulator = Debug|iPhoneSimulator
		Release|Any CPU = Release|Any CPU
		Release|iPhone = Release|iPhone
		Release|iPhoneSimulator = Release|iPhoneSimulator
	EndGlobalSection
	GlobalSection(ProjectConfigurationPlatforms) = postSolution
		{9ED27AB8-A457-45B3-8405-8498B0FA8794}.Debug|Any CPU.ActiveCfg = Debug|Any CPU
		{9ED27AB8-A457-45B3-8405-8498B0FA8794}.Debug|Any CPU.Build.0 = Debug|Any CPU
		{9ED27AB8-A457-45B3-8405-8498B0FA8794}.Debug|Any CPU.Deploy.0 = Debug|Any CPU
		{9ED27AB8-A457-45B3-8405-8498B0FA8794}.Debug|iPhone.ActiveCfg = Debug|Any CPU
		{9ED27AB8-A457-45B3-8405-8498B0FA8794}.Debug|iPhone.Build.0 = Debug|Any CPU
		{9ED27AB8-A457-45B3-8405-8498B0FA8794}.Debug|iPhone.Deploy.0 = Debug|Any CPU
		{9ED27AB8-A457-45B3-8405-8498B0FA8794}.Debug|iPhoneSimulator.ActiveCfg = Debug|Any CPU
		{9ED27AB8-A457-45B3-8405-8498B0FA8794}.Debug|iPhoneSimulator.Build.0 = Debug|Any CPU
		{9ED27AB8-A457-45B3-8405-8498B0FA8794}.Debug|iPhoneSimulator.Deploy.0 = Debug|Any CPU
		{9ED27AB8-A457-45B3-8405-8498B0FA8794}.Release|Any CPU.ActiveCfg = Release|Any CPU
		{9ED27AB8-A457-45B3-8405-8498B0FA8794}.Release|Any CPU.Build.0 = Release|Any CPU
		{9ED27AB8-A457-45B3-8405-8498B0FA8794}.Release|Any CPU.Deploy.0 = Release|Any CPU
		{9ED27AB8-A457-45B3-8405-8498B0FA8794}.Release|iPhone.ActiveCfg = Release|Any CPU
		{9ED27AB8-A457-45B3-8405-8498B0FA8794}.Release|iPhone.Build.0 = Release|Any CPU
		{9ED27AB8-A457-45B3-8405-8498B0FA8794}.Release|iPhone.Deploy.0 = Release|Any CPU
		{9ED27AB8-A457-45B3-8405-8498B0FA8794}.Release|iPhoneSimulator.ActiveCfg = Release|Any CPU
		{9ED27AB8-A457-45B3-8405-8498B0FA8794}.Release|iPhoneSimulator.Build.0 = Release|Any CPU
		{9ED27AB8-A457-45B3-8405-8498B0FA8794}.Release|iPhoneSimulator.Deploy.0 = Release|Any CPU
		{8B2969BA-B4F1-4155-9EED-8CAE9FF78F05}.Debug|Any CPU.ActiveCfg = Debug|iPhone
		{8B2969BA-B4F1-4155-9EED-8CAE9FF78F05}.Debug|Any CPU.Build.0 = Debug|iPhone
		{8B2969BA-B4F1-4155-9EED-8CAE9FF78F05}.Debug|Any CPU.Deploy.0 = Debug|iPhone
		{8B2969BA-B4F1-4155-9EED-8CAE9FF78F05}.Debug|iPhone.ActiveCfg = Debug|iPhone
		{8B2969BA-B4F1-4155-9EED-8CAE9FF78F05}.Debug|iPhone.Build.0 = Debug|iPhone
		{8B2969BA-B4F1-4155-9EED-8CAE9FF78F05}.Debug|iPhone.Deploy.0 = Debug|iPhone
		{8B2969BA-B4F1-4155-9EED-8CAE9FF78F05}.Debug|iPhoneSimulator.ActiveCfg = Debug|iPhoneSimulator
		{8B2969BA-B4F1-4155-9EED-8CAE9FF78F05}.Debug|iPhoneSimulator.Build.0 = Debug|iPhoneSimulator
		{8B2969BA-B4F1-4155-9EED-8CAE9FF78F05}.Debug|iPhoneSimulator.Deploy.0 = Debug|iPhoneSimulator
		{8B2969BA-B4F1-4155-9EED-8CAE9FF78F05}.Release|Any CPU.ActiveCfg = Release|iPhoneSimulator
		{8B2969BA-B4F1-4155-9EED-8CAE9FF78F05}.Release|Any CPU.Build.0 = Release|iPhoneSimulator
		{8B2969BA-B4F1-4155-9EED-8CAE9FF78F05}.Release|Any CPU.Deploy.0 = Release|iPhoneSimulator
		{8B2969BA-B4F1-4155-9EED-8CAE9FF78F05}.Release|iPhone.ActiveCfg = Release|iPhone
		{8B2969BA-B4F1-4155-9EED-8CAE9FF78F05}.Release|iPhone.Build.0 = Release|iPhone
		{8B2969BA-B4F1-4155-9EED-8CAE9FF78F05}.Release|iPhone.Deploy.0 = Release|iPhone
		{8B2969BA-B4F1-4155-9EED-8CAE9FF78F05}.Release|iPhoneSimulator.ActiveCfg = Release|iPhoneSimulator
		{8B2969BA-B4F1-4155-9EED-8CAE9FF78F05}.Release|iPhoneSimulator.Build.0 = Release|iPhoneSimulator
		{8B2969BA-B4F1-4155-9EED-8CAE9FF78F05}.Release|iPhoneSimulator.Deploy.0 = Release|iPhoneSimulator
		{18330208-D01F-49FE-8730-169E3986EDF0}.Debug|Any CPU.ActiveCfg = Debug|Any CPU
		{18330208-D01F-49FE-8730-169E3986EDF0}.Debug|Any CPU.Build.0 = Debug|Any CPU
		{18330208-D01F-49FE-8730-169E3986EDF0}.Debug|Any CPU.Deploy.0 = Debug|Any CPU
		{18330208-D01F-49FE-8730-169E3986EDF0}.Debug|iPhone.ActiveCfg = Debug|Any CPU
		{18330208-D01F-49FE-8730-169E3986EDF0}.Debug|iPhone.Build.0 = Debug|Any CPU
		{18330208-D01F-49FE-8730-169E3986EDF0}.Debug|iPhone.Deploy.0 = Debug|Any CPU
		{18330208-D01F-49FE-8730-169E3986EDF0}.Debug|iPhoneSimulator.ActiveCfg = Debug|Any CPU
		{18330208-D01F-49FE-8730-169E3986EDF0}.Debug|iPhoneSimulator.Build.0 = Debug|Any CPU
		{18330208-D01F-49FE-8730-169E3986EDF0}.Debug|iPhoneSimulator.Deploy.0 = Debug|Any CPU
		{18330208-D01F-49FE-8730-169E3986EDF0}.Release|Any CPU.ActiveCfg = Release|Any CPU
		{18330208-D01F-49FE-8730-169E3986EDF0}.Release|Any CPU.Build.0 = Release|Any CPU
		{18330208-D01F-49FE-8730-169E3986EDF0}.Release|Any CPU.Deploy.0 = Release|Any CPU
		{18330208-D01F-49FE-8730-169E3986EDF0}.Release|iPhone.ActiveCfg = Release|Any CPU
		{18330208-D01F-49FE-8730-169E3986EDF0}.Release|iPhone.Build.0 = Release|Any CPU
		{18330208-D01F-49FE-8730-169E3986EDF0}.Release|iPhone.Deploy.0 = Release|Any CPU
		{18330208-D01F-49FE-8730-169E3986EDF0}.Release|iPhoneSimulator.ActiveCfg = Release|Any CPU
		{18330208-D01F-49FE-8730-169E3986EDF0}.Release|iPhoneSimulator.Build.0 = Release|Any CPU
		{18330208-D01F-49FE-8730-169E3986EDF0}.Release|iPhoneSimulator.Deploy.0 = Release|Any CPU
	EndGlobalSection
	GlobalSection(SolutionProperties) = preSolution
		HideSolutionNode = FALSE
	EndGlobalSection
	GlobalSection(ExtensibilityGlobals) = postSolution
		SolutionGuid = {CBE91F4C-EA45-44DA-B892-B92531D856DB}
	EndGlobalSection
EndGlobal
